{
  "name": "fenzi",
  "version": "1.0.0",
  "lockfileVersion": 1,
  "requires": true,
  "dependencies": {
    "wx-pin-prompt": {
      "version": "1.1.2",
      "resolved": "https://registry.npmjs.org/wx-pin-prompt/-/wx-pin-prompt-1.1.2.tgz",
      "integrity": "sha512-qdUVPlENWLsN3UgmhjaVk3D1SVRZ1qNzov172MHwf7cqV3I12BTTH6eq16VFSPXyG9dY7bZdZ/0Orq+gxio8Rg=="
    }
  }
}
